
Microsoft Visual Studio Solution File, Format Version 12.00
# Visual Studio 15
VisualStudioVersion = 15.0.28307.645
MinimumVisualStudioVersion = 10.0.40219.1
Project("{FAE04EC0-301F-11D3-BF4B-00C04F79EFBC}") = "Assignment1_SQA", "Assignment1_SQA\Assignment1_SQA.csproj", "{0E37EB1A-8E6A-4691-98D6-2D03A8F2DEAA}"
EndProject
Project("{FAE04EC0-301F-11D3-BF4B-00C04F79EFBC}") = "Assign_Test1", "Assign_Test1\Assign_Test1.csproj", "{764D18D3-C25F-4D1A-8595-E24B211330E7}"
EndProject
Global
	GlobalSection(SolutionConfigurationPlatforms) = preSolution
		Debug|Any CPU = Debug|Any CPU
		Release|Any CPU = Release|Any CPU
	EndGlobalSection
	GlobalSection(ProjectConfigurationPlatforms) = postSolution
		{0E37EB1A-8E6A-4691-98D6-2D03A8F2DEAA}.Debug|Any CPU.ActiveCfg = Debug|Any CPU
		{0E37EB1A-8E6A-4691-98D6-2D03A8F2DEAA}.Debug|Any CPU.Build.0 = Debug|Any CPU
		{0E37EB1A-8E6A-4691-98D6-2D03A8F2DEAA}.Release|Any CPU.ActiveCfg = Release|Any CPU
		{0E37EB1A-8E6A-4691-98D6-2D03A8F2DEAA}.Release|Any CPU.Build.0 = Release|Any CPU
		{764D18D3-C25F-4D1A-8595-E24B211330E7}.Debug|Any CPU.ActiveCfg = Debug|Any CPU
		{764D18D3-C25F-4D1A-8595-E24B211330E7}.Debug|Any CPU.Build.0 = Debug|Any CPU
		{764D18D3-C25F-4D1A-8595-E24B211330E7}.Release|Any CPU.ActiveCfg = Release|Any CPU
		{764D18D3-C25F-4D1A-8595-E24B211330E7}.Release|Any CPU.Build.0 = Release|Any CPU
	EndGlobalSection
	GlobalSection(SolutionProperties) = preSolution
		HideSolutionNode = FALSE
	EndGlobalSection
	GlobalSection(ExtensibilityGlobals) = postSolution
		SolutionGuid = {A7A320C8-AD30-4DD9-82B4-FF91AA72B560}
	EndGlobalSection
EndGlobal
